
Microsoft Visual Studio Solution File, Format Version 12.00
# Visual Studio 15
VisualStudioVersion = 15.0.27004.2005
MinimumVisualStudioVersion = 10.0.40219.1
Project("{9A19103F-16F7-4668-BE54-9A1E7A4F7556}") = "SharpMVC.JS", "SharpMVC.JS\SharpMVC.JS.csproj", "{35F17E57-C238-4D0B-AC68-703899107533}"
EndProject
Project("{9A19103F-16F7-4668-BE54-9A1E7A4F7556}") = "HelloWorld", "HelloWorld\HelloWorld.csproj", "{619ECAAB-78CA-42FF-B81B-DC0C7200BC2A}"
EndProject
Project("{2150E333-8FDC-42A3-9474-1A3956D46DE8}") = "Solution Items", "Solution Items", "{54F45040-1F67-486F-8AA2-32A726FEDE47}"
	ProjectSection(SolutionItems) = preProject
		README.md = README.md
	EndProjectSection
EndProject
Global
	GlobalSection(SolutionConfigurationPlatforms) = preSolution
		Debug|Any CPU = Debug|Any CPU
		Release|Any CPU = Release|Any CPU
	EndGlobalSection
	GlobalSection(ProjectConfigurationPlatforms) = postSolution
		{35F17E57-C238-4D0B-AC68-703899107533}.Debug|Any CPU.ActiveCfg = Debug|Any CPU
		{35F17E57-C238-4D0B-AC68-703899107533}.Debug|Any CPU.Build.0 = Debug|Any CPU
		{35F17E57-C238-4D0B-AC68-703899107533}.Release|Any CPU.ActiveCfg = Release|Any CPU
		{35F17E57-C238-4D0B-AC68-703899107533}.Release|Any CPU.Build.0 = Release|Any CPU
		{619ECAAB-78CA-42FF-B81B-DC0C7200BC2A}.Debug|Any CPU.ActiveCfg = Debug|Any CPU
		{619ECAAB-78CA-42FF-B81B-DC0C7200BC2A}.Debug|Any CPU.Build.0 = Debug|Any CPU
		{619ECAAB-78CA-42FF-B81B-DC0C7200BC2A}.Release|Any CPU.ActiveCfg = Release|Any CPU
		{619ECAAB-78CA-42FF-B81B-DC0C7200BC2A}.Release|Any CPU.Build.0 = Release|Any CPU
	EndGlobalSection
	GlobalSection(SolutionProperties) = preSolution
		HideSolutionNode = FALSE
	EndGlobalSection
	GlobalSection(ExtensibilityGlobals) = postSolution
		SolutionGuid = {96D39DF8-5C2B-4FA1-BE40-4CEFC9E73663}
	EndGlobalSection
EndGlobal
